
Microsoft Visual Studio Solution File, Format Version 12.00
# Visual Studio Version 16
VisualStudioVersion = 16.0.29911.84
MinimumVisualStudioVersion = 10.0.40219.1
Project("{FAE04EC0-301F-11D3-BF4B-00C04F79EFBC}") = "Chapter3", "Chapter3\Chapter3.csproj", "{6244E712-062B-47DA-86B6-3AD75A2650CB}"
EndProject
Global
	GlobalSection(SolutionConfigurationPlatforms) = preSolution
		Debug|Any CPU = Debug|Any CPU
		Release|Any CPU = Release|Any CPU
	EndGlobalSection
	GlobalSection(ProjectConfigurationPlatforms) = postSolution
		{6244E712-062B-47DA-86B6-3AD75A2650CB}.Debug|Any CPU.ActiveCfg = Debug|Any CPU
		{6244E712-062B-47DA-86B6-3AD75A2650CB}.Debug|Any CPU.Build.0 = Debug|Any CPU
		{6244E712-062B-47DA-86B6-3AD75A2650CB}.Release|Any CPU.ActiveCfg = Release|Any CPU
		{6244E712-062B-47DA-86B6-3AD75A2650CB}.Release|Any CPU.Build.0 = Release|Any CPU
	EndGlobalSection
	GlobalSection(SolutionProperties) = preSolution
		HideSolutionNode = FALSE
	EndGlobalSection
	GlobalSection(ExtensibilityGlobals) = postSolution
		SolutionGuid = {090C4435-8AAA-465C-8FFE-1C8C05339AB2}
	EndGlobalSection
EndGlobal
